github.com/5anthosh/mint v0.0.0-20190918135348-22ddfba6b819 h1:rWxPW6C3lOYa3YBnnJqlLvklmjQCF19zMO1S2u1EH/E=
github.com/5anthosh/mint v0.0.0-20190918135348-22ddfba6b819/go.mod h1:ZC2nKTU8ovfyeErlYf3Oc2P1QX2pKkddprIeDgo/5hg=
github.com/5anthosh/oops v1.0.0 h1:CH7rwi7rIvV10I0dTOX6P8ZaWgwR63Vb1TMpYwFbYmw=
github.com/5anthosh/oops v1.0.0/go.mod h1:u32jgP3xFDjK+CHUgo/0DCMTAReGDlZnSSHFSJkME2g=
github.com/gorilla/handlers v1.4.1 h1:BHvcRGJe/TrL+OqFxoKQGddTgeibiOjaBssV5a/N9sw=
github.com/gorilla/handlers v1.4.1/go.mod h1:Qkdc/uu4tH4g6mTK6auzZ766c4CA0Ng8+o/OAirnOIQ=
github.com/gorilla/mux v1.7.3 h1:gnP5JzjVOuiZD07fKKToCAOjS0yOpj/qPETTXCCS6hw=
github.com/gorilla/mux v1.7.3/go.mod h1:1lud6UwP+6orDFRuTfBEV8e9/aOM/c4fVVCaMa2zaAs=
github.com/mattn/go-sqlite3 v1.11.0 h1:LDdKkqtYlom37fkvqs8rMPFKAMe8+SgjbwZ6ex1/A/Q=
github.com/mattn/go-sqlite3 v1.11.0/go.mod h1:FPy6KqzDD04eiIsT53CuJW3U88zkxoIYsOqkbpncsNc=
github.com/microcosm-cc/bluemonday v1.0.2 h1:5lPfLTTAvAbtS0VqT+94yOtFnGfUWYyx0+iToC3Os3s=
github.com/microcosm-cc/bluemonday v1.0.2/go.mod h1:iVP4YcDBq+n/5fb23BhYFvIMq/leAFZyRl6bYmGDlGc=
github.com/rs/xid v1.2.1 h1:mhH9Nq+C1fY2l1XIpgxIiUOfNpRBYH1kKcr+qfKgjRc=
github.com/rs/xid v1.2.1/go.mod h1:+uKXf+4Djp6Md1KODXJxgGQPKngRmWyn10oCKFzNHOQ=
golang.org/x/net v0.0.0-20181220203305-927f97764cc3 h1:eH6Eip3UpmR+yM/qI9Ijluzb1bNv/cAU/n+6l8tRSis=
golang.org/x/net v0.0.0-20181220203305-927f97764cc3/go.mod h1:mL1N/T3taQHkDXs73rZJwtUhF3w3ftmwwsq0BUmARs4=
